// !$*UTF8*$!
{
	archiveVersion = 1;
	classes = {
	};
	objectVersion = 55;
	objects = {

/* Begin PBXBuildFile section */
		CFD668F12723EC2A0048C0E3 /* AppDelegate.swift in Sources */ = {isa = PBXBuildFile; fileRef = CFD668F02723EC2A0048C0E3 /* AppDelegate.swift */; };
		CFD668F32723EC2A0048C0E3 /* SceneDelegate.swift in Sources */ = {isa = PBXBuildFile; fileRef = CFD668F22723EC2A0048C0E3 /* SceneDelegate.swift */; };
		CFD668F82723EC2A0048C0E3 /* Main.storyboard in Resources */ = {isa = PBXBuildFile; fileRef = CFD668F62723EC2A0048C0E3 /* Main.storyboard */; };
		CFD668FA2723EC2C0048C0E3 /* Assets.xcassets in Resources */ = {isa = PBXBuildFile; fileRef = CFD668F92723EC2C0048C0E3 /* Assets.xcassets */; };
		CFD668FD2723EC2C0048C0E3 /* LaunchScreen.storyboard in Resources */ = {isa = PBXBuildFile; fileRef = CFD668FB2723EC2C0048C0E3 /* LaunchScreen.storyboard */; };
		CFD66908272445EC0048C0E3 /* Moder.swift in Sources */ = {isa = PBXBuildFile; fileRef = CFD66907272445EC0048C0E3 /* Moder.swift */; };
		CFD6690A27244B440048C0E3 /* MemoListTableViewController.swift in Sources */ = {isa = PBXBuildFile; fileRef = CFD6690927244B440048C0E3 /* MemoListTableViewController.swift */; };
/* End PBXBuildFile section */

/* Begin PBXFileReference section */
		CFD668ED2723EC2A0048C0E3 /* luttoliMemojang.app */ = {isa = PBXFileReference; explicitFileType = wrapper.application; includeInIndex = 0; path = luttoliMemojang.app; sourceTree = BUILT_PRODUCTS_DIR; };
		CFD668F02723EC2A0048C0E3 /* AppDelegate.swift */ = {isa = PBXFileReference; lastKnownFileType = sourcecode.swift; path = AppDelegate.swift; sourceTree = "<group>"; };
		CFD668F22723EC2A0048C0E3 /* SceneDelegate.swift */ = {isa = PBXFileReference; lastKnownFileType = sourcecode.swift; path = SceneDelegate.swift; sourceTree = "<group>"; };
		CFD668F72723EC2A0048C0E3 /* Base */ = {isa = PBXFileReference; lastKnownFileType = file.storyboard; name = Base; path = Base.lproj/Main.storyboard; sourceTree = "<group>"; };
		CFD668F92723EC2C0048C0E3 /* Assets.xcassets */ = {isa = PBXFileReference; lastKnownFileType = folder.assetcatalog; path = Assets.xcassets; sourceTree = "<group>"; };
		CFD668FC2723EC2C0048C0E3 /* Base */ = {isa = PBXFileReference; lastKnownFileType = file.storyboard; name = Base; path = Base.lproj/LaunchScreen.storyboard; sourceTree = "<group>"; };
		CFD668FE2723EC2C0048C0E3 /* Info.plist */ = {isa = PBXFileReference; lastKnownFileType = text.plist.xml; path = Info.plist; sourceTree = "<group>"; };
		CFD66907272445EC0048C0E3 /* Moder.swift */ = {isa = PBXFileReference; lastKnownFileType = sourcecode.swift; path = Moder.swift; sourceTree = "<group>"; };
		CFD6690927244B440048C0E3 /* MemoListTableViewController.swift */ = {isa = PBXFileReference; lastKnownFileType = sourcecode.swift; path = MemoListTableViewController.swift; sourceTree = "<group>"; };
/* End PBXFileReference section */

/* Begin PBXFrameworksBuildPhase section */
		CFD668EA2723EC2A0048C0E3 /* Frameworks */ = {
			isa = PBXFrameworksBuildPhase;
			buildActionMask = 2147483647;
			files = (
			);
			runOnlyForDeploymentPostprocessing = 0;
		};
/* End PBXFrameworksBuildPhase section */

/* Begin PBXGroup section */
		CFD668E42723EC2A0048C0E3 = {
			isa = PBXGroup;
			children = (
				CFD668EF2723EC2A0048C0E3 /* luttoliMemojang */,
				CFD668EE2723EC2A0048C0E3 /* Products */,
			);
			sourceTree = "<group>";
		};
		CFD668EE2723EC2A0048C0E3 /* Products */ = {
			isa = PBXGroup;
			children = (
				CFD668ED2723EC2A0048C0E3 /* luttoliMemojang.app */,
			);
			name = Products;
			sourceTree = "<group>";
		};
		CFD668EF2723EC2A0048C0E3 /* luttoliMemojang */ = {
			isa = PBXGroup;
			children = (
				CFD66906272445CC0048C0E3 /* Model */,
				CFD668F02723EC2A0048C0E3 /* AppDelegate.swift */,
				CFD668F22723EC2A0048C0E3 /* SceneDelegate.swift */,
				CFD668F62723EC2A0048C0E3 /* Main.storyboard */,
				CFD668F92723EC2C0048C0E3 /* Assets.xcassets */,
				CFD668FB2723EC2C0048C0E3 /* LaunchScreen.storyboard */,
				CFD668FE2723EC2C0048C0E3 /* Info.plist */,
				CFD6690927244B440048C0E3 /* MemoListTableViewController.swift */,
			);
			path = luttoliMemojang;
			sourceTree = "<group>";
		};
		CFD66906272445CC0048C0E3 /* Model */ = {
			isa = PBXGroup;
			children = (
				CFD66907272445EC0048C0E3 /* Moder.swift */,
			);
			path = Model;
			sourceTree = "<group>";
		};
/* End PBXGroup section */

/* Begin PBXNativeTarget section */
		CFD668EC2723EC2A0048C0E3 /* luttoliMemojang */ = {
			isa = PBXNativeTarget;
			buildConfigurationList = CFD669012723EC2C0048C0E3 /* Build configuration list for PBXNativeTarget "luttoliMemojang" */;
			buildPhases = (
				CFD668E92723EC2A0048C0E3 /* Sources */,
				CFD668EA2723EC2A0048C0E3 /* Frameworks */,
				CFD668EB2723EC2A0048C0E3 /* Resources */,
			);
			buildRules = (
			);
			dependencies = (
			);
			name = luttoliMemojang;
			productName = luttoliMemojang;
			productReference = CFD668ED2723EC2A0048C0E3 /* luttoliMemojang.app */;
			productType = "com.apple.product-type.application";
		};
/* End PBXNativeTarget section */

/* Begin PBXProject section */
		CFD668E52723EC2A0048C0E3 /* Project object */ = {
			isa = PBXProject;
			attributes = {
				BuildIndependentTargetsInParallel = 1;
				LastSwiftUpdateCheck = 1300;
				LastUpgradeCheck = 1300;
				TargetAttributes = {
					CFD668EC2723EC2A0048C0E3 = {
						CreatedOnToolsVersion = 13.0;
					};
				};
			};
			buildConfigurationList = CFD668E82723EC2A0048C0E3 /* Build configuration list for PBXProject "luttoliMemojang" */;
			compatibilityVersion = "Xcode 13.0";
			developmentRegion = en;
			hasScannedForEncodings = 0;
			knownRegions = (
				en,
				Base,
			);
			mainGroup = CFD668E42723EC2A0048C0E3;
			productRefGroup = CFD668EE2723EC2A0048C0E3 /* Products */;
			projectDirPath = "";
			projectRoot = "";
			targets = (
				CFD668EC2723EC2A0048C0E3 /* luttoliMemojang */,
			);
		};
/* End PBXProject section */

/* Begin PBXResourcesBuildPhase section */
		CFD668EB2723EC2A0048C0E3 /* Resources */ = {
			isa = PBXResourcesBuildPhase;
			buildActionMask = 2147483647;
			files = (
				CFD668FD2723EC2C0048C0E3 /* LaunchScreen.storyboard in Resources */,
				CFD668FA2723EC2C0048C0E3 /* Assets.xcassets in Resources */,
				CFD668F82723EC2A0048C0E3 /* Main.storyboard in Resources */,
			);
			runOnlyForDeploymentPostprocessing = 0;
		};
/* End PBXResourcesBuildPhase section */

/* Begin PBXSourcesBuildPhase section */
		CFD668E92723EC2A0048C0E3 /* Sources */ = {
			isa = PBXSourcesBuildPhase;
			buildActionMask = 2147483647;
			files = (
				CFD66908272445EC0048C0E3 /* Moder.swift in Sources */,
				CFD668F12723EC2A0048C0E3 /* AppDelegate.swift in Sources */,
				CFD668F32723EC2A0048C0E3 /* SceneDelegate.swift in Sources */,
				CFD6690A27244B440048C0E3 /* MemoListTableViewController.swift in Sources */,
			);
			runOnlyForDeploymentPostprocessing = 0;
		};
/* End PBXSourcesBuildPhase section */

/* Begin PBXVariantGroup section */
		CFD668F62723EC2A0048C0E3 /* Main.storyboard */ = {
			isa = PBXVariantGroup;
			children = (
				CFD668F72723EC2A0048C0E3 /* Base */,
			);
			name = Main.storyboard;
			sourceTree = "<group>";
		};
		CFD668FB2723EC2C0048C0E3 /* LaunchScreen.storyboard */ = {
			isa = PBXVariantGroup;
			children = (
				CFD668FC2723EC2C0048C0E3 /* Base */,
			);
			name = LaunchScreen.storyboard;
			sourceTree = "<group>";
		};
/* End PBXVariantGroup section */

/* Begin XCBuildConfiguration section */
		CFD668FF2723EC2C0048C0E3 /* Debug */ = {
			isa = XCBuildConfiguration;
			buildSettings = {
				ALWAYS_SEARCH_USER_PATHS = NO;
				CLANG_ANALYZER_NONNULL = YES;
				CLANG_ANALYZER_NUMBER_OBJECT_CONVERSION = YES_AGGRESSIVE;
				CLANG_CXX_LANGUAGE_STANDARD = "gnu++17";
				CLANG_CXX_LIBRARY = "libc++";
				CLANG_ENABLE_MODULES = YES;
				CLANG_ENABLE_OBJC_ARC = YES;
				CLANG_ENABLE_OBJC_WEAK = YES;
				CLANG_WARN_BLOCK_CAPTURE_AUTORELEASING = YES;
				CLANG_WARN_BOOL_CONVERSION = YES;
				CLANG_WARN_COMMA = YES;
				CLANG_WARN_CONSTANT_CONVERSION = YES;
				CLANG_WARN_DEPRECATED_OBJC_IMPLEMENTATIONS = YES;
				CLANG_WARN_DIRECT_OBJC_ISA_USAGE = YES_ERROR;
				CLANG_WARN_DOCUMENTATION_COMMENTS = YES;
				CLANG_WARN_EMPTY_BODY = YES;
				CLANG_WARN_ENUM_CONVERSION = YES;
				CLANG_WARN_INFINITE_RECURSION = YES;
				CLANG_WARN_INT_CONVERSION = YES;
				CLANG_WARN_NON_LITERAL_NULL_CONVERSION = YES;
				CLANG_WARN_OBJC_IMPLICIT_RETAIN_SELF = YES;
				CLANG_WARN_OBJC_LITERAL_CONVERSION = YES;
				CLANG_WARN_OBJC_ROOT_CLASS = YES_ERROR;
				CLANG_WARN_QUOTED_INCLUDE_IN_FRAMEWORK_HEADER = YES;
				CLANG_WARN_RANGE_LOOP_ANALYSIS = YES;
				CLANG_WARN_STRICT_PROTOTYPES = YES;
				CLANG_WARN_SUSPICIOUS_MOVE = YES;
				CLANG_WARN_UNGUARDED_AVAILABILITY = YES_AGGRESSIVE;
				CLANG_WARN_UNREACHABLE_CODE = YES;
				CLANG_WARN__DUPLICATE_METHOD_MATCH = YES;
				COPY_PHASE_STRIP = NO;
				DEBUG_INFORMATION_FORMAT = dwarf;
				ENABLE_STRICT_OBJC_MSGSEND = YES;
				ENABLE_TESTABILITY = YES;
				GCC_C_LANGUAGE_STANDARD = gnu11;
				GCC_DYNAMIC_NO_PIC = NO;
				GCC_NO_COMMON_BLOCKS = YES;
				GCC_OPTIMIZATION_LEVEL = 0;
				GCC_PREPROCESSOR_DEFINITIONS = (
					"DEBUG=1",
					"$(inherited)",
				);
				GCC_WARN_64_TO_32_BIT_CONVERSION = YES;
				GCC_WARN_ABOUT_RETURN_TYPE = YES_ERROR;
				GCC_WARN_UNDECLARED_SELECTOR = YES;
				GCC_WARN_UNINITIALIZED_AUTOS = YES_AGGRESSIVE;
				GCC_WARN_UNUSED_FUNCTION = YES;
				GCC_WARN_UNUSED_VARIABLE = YES;
				IPHONEOS_DEPLOYMENT_TARGET = 15.0;
				MTL_ENABLE_DEBUG_INFO = INCLUDE_SOURCE;
				MTL_FAST_MATH = YES;
				ONLY_ACTIVE_ARCH = YES;
				SDKROOT = iphoneos;
				SWIFT_ACTIVE_COMPILATION_CONDITIONS = DEBUG;
				SWIFT_OPTIMIZATION_LEVEL = "-Onone";
			};
			name = Debug;
		};
		CFD669002723EC2C0048C0E3 /* Release */ = {
			isa = XCBuildConfiguration;
			buildSettings = {
				ALWAYS_SEARCH_USER_PATHS = NO;
				CLANG_ANALYZER_NONNULL = YES;
				CLANG_ANALYZER_NUMBER_OBJECT_CONVERSION = YES_AGGRESSIVE;
				CLANG_CXX_LANGUAGE_STANDARD = "gnu++17";
				CLANG_CXX_LIBRARY = "libc++";
				CLANG_ENABLE_MODULES = YES;
				CLANG_ENABLE_OBJC_ARC = YES;
				CLANG_ENABLE_OBJC_WEAK = YES;
				CLANG_WARN_BLOCK_CAPTURE_AUTORELEASING = YES;
				CLANG_WARN_BOOL_CONVERSION = YES;
				CLANG_WARN_COMMA = YES;
				CLANG_WARN_CONSTANT_CONVERSION = YES;
				CLANG_WARN_DEPRECATED_OBJC_IMPLEMENTATIONS = YES;
				CLANG_WARN_DIRECT_OBJC_ISA_USAGE = YES_ERROR;
				CLANG_WARN_DOCUMENTATION_COMMENTS = YES;
				CLANG_WARN_EMPTY_BODY = YES;
				CLANG_WARN_ENUM_CONVERSION = YES;
				CLANG_WARN_INFINITE_RECURSION = YES;
				CLANG_WARN_INT_CONVERSION = YES;
				CLANG_WARN_NON_LITERAL_NULL_CONVERSION = YES;
				CLANG_WARN_OBJC_IMPLICIT_RETAIN_SELF = YES;
				CLANG_WARN_OBJC_LITERAL_CONVERSION = YES;
				CLANG_WARN_OBJC_ROOT_CLASS = YES_ERROR;
				CLANG_WARN_QUOTED_INCLUDE_IN_FRAMEWORK_HEADER = YES;
				CLANG_WARN_RANGE_LOOP_ANALYSIS = YES;
				CLANG_WARN_STRICT_PROTOTYPES = YES;
				CLANG_WARN_SUSPICIOUS_MOVE = YES;
				CLANG_WARN_UNGUARDED_AVAILABILITY = YES_AGGRESSIVE;
				CLANG_WARN_UNREACHABLE_CODE = YES;
				CLANG_WARN__DUPLICATE_METHOD_MATCH = YES;
				COPY_PHASE_STRIP = NO;
				DEBUG_INFORMATION_FORMAT = "dwarf-with-dsym";
				ENABLE_NS_ASSERTIONS = NO;
				ENABLE_STRICT_OBJC_MSGSEND = YES;
				GCC_C_LANGUAGE_STANDARD = gnu11;
				GCC_NO_COMMON_BLOCKS = YES;
				GCC_WARN_64_TO_32_BIT_CONVERSION = YES;
				GCC_WARN_ABOUT_RETURN_TYPE = YES_ERROR;
				GCC_WARN_UNDECLARED_SELECTOR = YES;
				GCC_WARN_UNINITIALIZED_AUTOS = YES_AGGRESSIVE;
				GCC_WARN_UNUSED_FUNCTION = YES;
				GCC_WARN_UNUSED_VARIABLE = YES;
				IPHONEOS_DEPLOYMENT_TARGET = 15.0;
				MTL_ENABLE_DEBUG_INFO = NO;
				MTL_FAST_MATH = YES;
				SDKROOT = iphoneos;
				SWIFT_COMPILATION_MODE = wholemodule;
				SWIFT_OPTIMIZATION_LEVEL = "-O";
				VALIDATE_PRODUCT = YES;
			};
			name = Release;
		};
		CFD669022723EC2C0048C0E3 /* Debug */ = {
			isa = XCBuildConfiguration;
			buildSettings = {
				ASSETCATALOG_COMPILER_APPICON_NAME = AppIcon;
				ASSETCATALOG_COMPILER_GLOBAL_ACCENT_COLOR_NAME = AccentColor;
				CODE_SIGN_STYLE = Automatic;
				CURRENT_PROJECT_VERSION = 1;
				DEVELOPMENT_TEAM = 785X8Q9TA9;
				GENERATE_INFOPLIST_FILE = YES;
				INFOPLIST_FILE = luttoliMemojang/Info.plist;
				INFOPLIST_KEY_UIApplicationSupportsIndirectInputEvents = YES;
				INFOPLIST_KEY_UILaunchStoryboardName = LaunchScreen;
				INFOPLIST_KEY_UIMainStoryboardFile = Main;
				INFOPLIST_KEY_UISupportedInterfaceOrientations_iPad = "UIInterfaceOrientationPortrait UIInterfaceOrientationPortraitUpsideDown UIInterfaceOrientationLandscapeLeft UIInterfaceOrientationLandscapeRight";
				INFOPLIST_KEY_UISupportedInterfaceOrientations_iPhone = "UIInterfaceOrientationPortrait UIInterfaceOrientationLandscapeLeft UIInterfaceOrientationLandscapeRight";
				LD_RUNPATH_SEARCH_PATHS = (
					"$(inherited)",
					"@executable_path/Frameworks",
				);
				MARKETING_VERSION = 1.0;
				PRODUCT_BUNDLE_IDENTIFIER = com.luttoli.luttoliMemojang;
				PRODUCT_NAME = "$(TARGET_NAME)";
				SWIFT_EMIT_LOC_STRINGS = YES;
				SWIFT_VERSION = 5.0;
				TARGETED_DEVICE_FAMILY = "1,2";
			};
			name = Debug;
		};
		CFD669032723EC2C0048C0E3 /* Release */ = {
			isa = XCBuildConfiguration;
			buildSettings = {
				ASSETCATALOG_COMPILER_APPICON_NAME = AppIcon;
				ASSETCATALOG_COMPILER_GLOBAL_ACCENT_COLOR_NAME = AccentColor;
				CODE_SIGN_STYLE = Automatic;
				CURRENT_PROJECT_VERSION = 1;
				DEVELOPMENT_TEAM = 785X8Q9TA9;
				GENERATE_INFOPLIST_FILE = YES;
				INFOPLIST_FILE = luttoliMemojang/Info.plist;
				INFOPLIST_KEY_UIApplicationSupportsIndirectInputEvents = YES;
				INFOPLIST_KEY_UILaunchStoryboardName = LaunchScreen;
				INFOPLIST_KEY_UIMainStoryboardFile = Main;
				INFOPLIST_KEY_UISupportedInterfaceOrientations_iPad = "UIInterfaceOrientationPortrait UIInterfaceOrientationPortraitUpsideDown UIInterfaceOrientationLandscapeLeft UIInterfaceOrientationLandscapeRight";
				INFOPLIST_KEY_UISupportedInterfaceOrientations_iPhone = "UIInterfaceOrientationPortrait UIInterfaceOrientationLandscapeLeft UIInterfaceOrientationLandscapeRight";
				LD_RUNPATH_SEARCH_PATHS = (
					"$(inherited)",
					"@executable_path/Frameworks",
				);
				MARKETING_VERSION = 1.0;
				PRODUCT_BUNDLE_IDENTIFIER = com.luttoli.luttoliMemojang;
				PRODUCT_NAME = "$(TARGET_NAME)";
				SWIFT_EMIT_LOC_STRINGS = YES;
				SWIFT_VERSION = 5.0;
				TARGETED_DEVICE_FAMILY = "1,2";
			};
			name = Release;
		};
/* End XCBuildConfiguration section */

/* Begin XCConfigurationList section */
		CFD668E82723EC2A0048C0E3 /* Build configuration list for PBXProject "luttoliMemojang" */ = {
			isa = XCConfigurationList;
			buildConfigurations = (
				CFD668FF2723EC2C0048C0E3 /* Debug */,
				CFD669002723EC2C0048C0E3 /* Release */,
			);
			defaultConfigurationIsVisible = 0;
			defaultConfigurationName = Release;
		};
		CFD669012723EC2C0048C0E3 /* Build configuration list for PBXNativeTarget "luttoliMemojang" */ = {
			isa = XCConfigurationList;
			buildConfigurations = (
				CFD669022723EC2C0048C0E3 /* Debug */,
				CFD669032723EC2C0048C0E3 /* Release */,
			);
			defaultConfigurationIsVisible = 0;
			defaultConfigurationName = Release;
		};
/* End XCConfigurationList section */
	};
	rootObject = CFD668E52723EC2A0048C0E3 /* Project object */;
}
